
Microsoft Visual Studio Solution File, Format Version 12.00
# Visual Studio Version 16
VisualStudioVersion = 16.0.32106.194
MinimumVisualStudioVersion = 10.0.40219.1
Project("{FAE04EC0-301F-11D3-BF4B-00C04F79EFBC}") = "EShopping", "EShopping\EShopping.csproj", "{A83A2D83-0DD1-4759-AF94-010B5FB9D9CE}"
EndProject
Global
	GlobalSection(SolutionConfigurationPlatforms) = preSolution
		Debug|Any CPU = Debug|Any CPU
		Release|Any CPU = Release|Any CPU
	EndGlobalSection
	GlobalSection(ProjectConfigurationPlatforms) = postSolution
		{A83A2D83-0DD1-4759-AF94-010B5FB9D9CE}.Debug|Any CPU.ActiveCfg = Debug|Any CPU
		{A83A2D83-0DD1-4759-AF94-010B5FB9D9CE}.Debug|Any CPU.Build.0 = Debug|Any CPU
		{A83A2D83-0DD1-4759-AF94-010B5FB9D9CE}.Release|Any CPU.ActiveCfg = Release|Any CPU
		{A83A2D83-0DD1-4759-AF94-010B5FB9D9CE}.Release|Any CPU.Build.0 = Release|Any CPU
	EndGlobalSection
	GlobalSection(SolutionProperties) = preSolution
		HideSolutionNode = FALSE
	EndGlobalSection
	GlobalSection(ExtensibilityGlobals) = postSolution
		SolutionGuid = {3137E068-9824-4B45-B731-5BD00C9AFE5D}
	EndGlobalSection
EndGlobal
